// !$*UTF8*$!
{
	archiveVersion = 1;
	classes = {
	};
	objectVersion = 46;
	objects = {

/* Begin PBXBuildFile section */
		1805ADC51DC1D58000F27388 /* MYZComposeToolsBar.m in Sources */ = {isa = PBXBuildFile; fileRef = 1805ADC41DC1D58000F27388 /* MYZComposeToolsBar.m */; };
		1805ADC81DC1F7D500F27388 /* MYZComposePicsView.m in Sources */ = {isa = PBXBuildFile; fileRef = 1805ADC71DC1F7D500F27388 /* MYZComposePicsView.m */; };
		18432ACF1DB4C53C00E21F6E /* MYZStatusFrame.m in Sources */ = {isa = PBXBuildFile; fileRef = 18432ACE1DB4C53C00E21F6E /* MYZStatusFrame.m */; };
		18432AD21DB4C80400E21F6E /* MYZStatusFrameTop.m in Sources */ = {isa = PBXBuildFile; fileRef = 18432AD11DB4C80400E21F6E /* MYZStatusFrameTop.m */; };
		18432AD51DB4C83600E21F6E /* MYZStatusFrameMiddle.m in Sources */ = {isa = PBXBuildFile; fileRef = 18432AD41DB4C83600E21F6E /* MYZStatusFrameMiddle.m */; };
		18467D2F1DAE023600B1D963 /* MYZAccount.m in Sources */ = {isa = PBXBuildFile; fileRef = 18467D2A1DAE023600B1D963 /* MYZAccount.m */; };
		18467D311DAE023600B1D963 /* MYZUserInfo.m in Sources */ = {isa = PBXBuildFile; fileRef = 18467D2E1DAE023600B1D963 /* MYZUserInfo.m */; };
		18467D381DAE026C00B1D963 /* MYZHttpTools.m in Sources */ = {isa = PBXBuildFile; fileRef = 18467D351DAE026C00B1D963 /* MYZHttpTools.m */; };
		18467D391DAE026C00B1D963 /* MYZTools.m in Sources */ = {isa = PBXBuildFile; fileRef = 18467D371DAE026C00B1D963 /* MYZTools.m */; };
		184E0AA01DC75FF9004246ED /* MYZEmotionListView.m in Sources */ = {isa = PBXBuildFile; fileRef = 184E0A9F1DC75FF9004246ED /* MYZEmotionListView.m */; };
		184E0AA31DC76011004246ED /* MYZEmotionToolBar.m in Sources */ = {isa = PBXBuildFile; fileRef = 184E0AA21DC76011004246ED /* MYZEmotionToolBar.m */; };
		18711B5E1DB71DCE007A0A1D /* MYZStatusCell.m in Sources */ = {isa = PBXBuildFile; fileRef = 18711B5D1DB71DCE007A0A1D /* MYZStatusCell.m */; };
		188AAE9C1DB627DC00A8274F /* NSString+MYZ.m in Sources */ = {isa = PBXBuildFile; fileRef = 188AAE9B1DB627DC00A8274F /* NSString+MYZ.m */; };
		188AAEA11DB627F100A8274F /* UIImage+MYZ.m in Sources */ = {isa = PBXBuildFile; fileRef = 188AAE9E1DB627F100A8274F /* UIImage+MYZ.m */; };
		188AAEA21DB627F100A8274F /* UIView+MYZ.m in Sources */ = {isa = PBXBuildFile; fileRef = 188AAEA01DB627F100A8274F /* UIView+MYZ.m */; };
		18C375CA1DD5B2E900B68E72 /* MYZEmotionListCell.m in Sources */ = {isa = PBXBuildFile; fileRef = 18C375C91DD5B2E900B68E72 /* MYZEmotionListCell.m */; };
		18C7CE5F1DC05F0500B4D997 /* MYZStatusPicView.m in Sources */ = {isa = PBXBuildFile; fileRef = 18C7CE5E1DC05F0500B4D997 /* MYZStatusPicView.m */; };
		18C7CE621DC05F2800B4D997 /* MYZStatusPicContentView.m in Sources */ = {isa = PBXBuildFile; fileRef = 18C7CE611DC05F2800B4D997 /* MYZStatusPicContentView.m */; };
		18C7CE731DC0A5E900B4D997 /* MJPhoto.m in Sources */ = {isa = PBXBuildFile; fileRef = 18C7CE651DC0A5E900B4D997 /* MJPhoto.m */; };
		18C7CE741DC0A5E900B4D997 /* MJPhotoBrowser.bundle in Resources */ = {isa = PBXBuildFile; fileRef = 18C7CE661DC0A5E900B4D997 /* MJPhotoBrowser.bundle */; };
		18C7CE751DC0A5E900B4D997 /* MJPhotoBrowser.m in Sources */ = {isa = PBXBuildFile; fileRef = 18C7CE681DC0A5E900B4D997 /* MJPhotoBrowser.m */; };
		18C7CE761DC0A5E900B4D997 /* MJPhotoLoadingView.m in Sources */ = {isa = PBXBuildFile; fileRef = 18C7CE6A1DC0A5E900B4D997 /* MJPhotoLoadingView.m */; };
		18C7CE771DC0A5E900B4D997 /* MJPhotoProgressView.m in Sources */ = {isa = PBXBuildFile; fileRef = 18C7CE6C1DC0A5E900B4D997 /* MJPhotoProgressView.m */; };
		18C7CE781DC0A5E900B4D997 /* MJPhotoToolbar.m in Sources */ = {isa = PBXBuildFile; fileRef = 18C7CE6E1DC0A5E900B4D997 /* MJPhotoToolbar.m */; };
		18C7CE791DC0A5E900B4D997 /* MJPhotoView.m in Sources */ = {isa = PBXBuildFile; fileRef = 18C7CE701DC0A5E900B4D997 /* MJPhotoView.m */; };
		18C7CE7A1DC0A5E900B4D997 /* SDWebImageManager+MJ.m in Sources */ = {isa = PBXBuildFile; fileRef = 18C7CE721DC0A5E900B4D997 /* SDWebImageManager+MJ.m */; };
		18C7CE801DC0ACB400B4D997 /* MYZComposeController.m in Sources */ = {isa = PBXBuildFile; fileRef = 18C7CE7D1DC0ACB400B4D997 /* MYZComposeController.m */; };
		18CBE96E1DACB6510068832E /* MYZOAuthController.m in Sources */ = {isa = PBXBuildFile; fileRef = 18CBE96D1DACB6510068832E /* MYZOAuthController.m */; };
		18E5A17D1DB9A6FE00375480 /* MYZMenuPageController.m in Sources */ = {isa = PBXBuildFile; fileRef = 18E5A17C1DB9A6FE00375480 /* MYZMenuPageController.m */; };
		18E5A1801DB9A72900375480 /* MYZMenuView.m in Sources */ = {isa = PBXBuildFile; fileRef = 18E5A17F1DB9A72900375480 /* MYZMenuView.m */; };
		89D4DECB42455CEA228A2CF5 /* libPods-WeiboDemo.a in Frameworks */ = {isa = PBXBuildFile; fileRef = B26F9F0404FECB89105474B9 /* libPods-WeiboDemo.a */; };
		DA115E501DC6331600C22743 /* EmotionIcons in Resources */ = {isa = PBXBuildFile; fileRef = DA115E4F1DC6331600C22743 /* EmotionIcons */; };
		DA115E591DC6346400C22743 /* MYZComposeEmotionKeyboard.m in Sources */ = {isa = PBXBuildFile; fileRef = DA115E581DC6346400C22743 /* MYZComposeEmotionKeyboard.m */; };
		DA20914B1DDA0650006B92E5 /* MYZEmotion.m in Sources */ = {isa = PBXBuildFile; fileRef = DA20914A1DDA0650006B92E5 /* MYZEmotion.m */; };
		DA20914E1DDA0702006B92E5 /* NSString+Emoji.m in Sources */ = {isa = PBXBuildFile; fileRef = DA20914D1DDA0702006B92E5 /* NSString+Emoji.m */; };
		DA5241041DB5105C003AF28A /* MYZStatusRetweeted.m in Sources */ = {isa = PBXBuildFile; fileRef = DA5241031DB5105C003AF28A /* MYZStatusRetweeted.m */; };
		DA5D88561D86F4EE00583136 /* WeiboDemoTests.m in Sources */ = {isa = PBXBuildFile; fileRef = DA5D88551D86F4EE00583136 /* WeiboDemoTests.m */; };
		DA5D88611D86F4EE00583136 /* WeiboDemoUITests.m in Sources */ = {isa = PBXBuildFile; fileRef = DA5D88601D86F4EE00583136 /* WeiboDemoUITests.m */; };
		DA65B9ED1D9AC0B700251B38 /* MYZTabBar.m in Sources */ = {isa = PBXBuildFile; fileRef = DA65B9EC1D9AC0B700251B38 /* MYZTabBar.m */; };
		DA65B9F31D9AC29100251B38 /* MYZProfileController.m in Sources */ = {isa = PBXBuildFile; fileRef = DA65B9F21D9AC29100251B38 /* MYZProfileController.m */; };
		DA65B9FA1D9AC2F800251B38 /* AppDelegate.m in Sources */ = {isa = PBXBuildFile; fileRef = DA65B9F81D9AC2F800251B38 /* AppDelegate.m */; };
		DA65B9FB1D9AC2F800251B38 /* main.m in Sources */ = {isa = PBXBuildFile; fileRef = DA65B9F91D9AC2F800251B38 /* main.m */; };
		DA73CA8B1D97CF0E00CF5839 /* MYZNavController.m in Sources */ = {isa = PBXBuildFile; fileRef = DA73CA8A1D97CF0E00CF5839 /* MYZNavController.m */; };
		DA73CA8E1D97CF2A00CF5839 /* MYZTabBarController.m in Sources */ = {isa = PBXBuildFile; fileRef = DA73CA8D1D97CF2A00CF5839 /* MYZTabBarController.m */; };
		DAA521F51DB3693C00DD29AF /* MYZHomeController.m in Sources */ = {isa = PBXBuildFile; fileRef = DAA521F21DB3693C00DD29AF /* MYZHomeController.m */; };
		DAA521F81DB369A700DD29AF /* MYZStatus.m in Sources */ = {isa = PBXBuildFile; fileRef = DAA521F71DB369A700DD29AF /* MYZStatus.m */; };
		DAA521FB1DB377CD00DD29AF /* MYZStatusPic.m in Sources */ = {isa = PBXBuildFile; fileRef = DAA521FA1DB377CD00DD29AF /* MYZStatusPic.m */; };
		DADB20B61DBFA691009D1ACD /* LabelScrollView.m in Sources */ = {isa = PBXBuildFile; fileRef = DADB20B51DBFA691009D1ACD /* LabelScrollView.m */; };
		DAEEC8071DBC599600DD7ADE /* MYZStatusTopView.m in Sources */ = {isa = PBXBuildFile; fileRef = DAEEC8061DBC599600DD7ADE /* MYZStatusTopView.m */; };
		DAEEC80A1DBC59AC00DD7ADE /* MYZStatusMiddleView.m in Sources */ = {isa = PBXBuildFile; fileRef = DAEEC8091DBC59AC00DD7ADE /* MYZStatusMiddleView.m */; };
		DAEEC80D1DBC59BF00DD7ADE /* MYZStatusBottomView.m in Sources */ = {isa = PBXBuildFile; fileRef = DAEEC80C1DBC59BF00DD7ADE /* MYZStatusBottomView.m */; };
		DAEEC8121DBC6A7400DD7ADE /* Assets.xcassets in Resources */ = {isa = PBXBuildFile; fileRef = DAEEC8111DBC6A7400DD7ADE /* Assets.xcassets */; };
		DAF843BC1DC0F6CB00F505DC /* MYZComposeTextView.m in Sources */ = {isa = PBXBuildFile; fileRef = DAF843BB1DC0F6CB00F505DC /* MYZComposeTextView.m */; };
/* End PBXBuildFile section */

/* Begin PBXContainerItemProxy section */
		DA5D88521D86F4EE00583136 /* PBXContainerItemProxy */ = {
			isa = PBXContainerItemProxy;
			containerPortal = DA5D88301D86F4EE00583136 /* Project object */;
			proxyType = 1;
			remoteGlobalIDString = DA5D88371D86F4EE00583136;
			remoteInfo = WeiboDemo;
		};
		DA5D885D1D86F4EE00583136 /* PBXContainerItemProxy */ = {
			isa = PBXContainerItemProxy;
			containerPortal = DA5D88301D86F4EE00583136 /* Project object */;
			proxyType = 1;
			remoteGlobalIDString = DA5D88371D86F4EE00583136;
			remoteInfo = WeiboDemo;
		};
/* End PBXContainerItemProxy section */

/* Begin PBXFileReference section */
		1805ADC31DC1D58000F27388 /* MYZComposeToolsBar.h */ = {isa = PBXFileReference; fileEncoding = 4; lastKnownFileType = sourcecode.c.h; path = MYZComposeToolsBar.h; sourceTree = "<group>"; };
		1805ADC41DC1D58000F27388 /* MYZComposeToolsBar.m */ = {isa = PBXFileReference; fileEncoding = 4; lastKnownFileType = sourcecode.c.objc; path = MYZComposeToolsBar.m; sourceTree = "<group>"; };
		1805ADC61DC1F7D500F27388 /* MYZComposePicsView.h */ = {isa = PBXFileReference; fileEncoding = 4; lastKnownFileType = sourcecode.c.h; path = MYZComposePicsView.h; sourceTree = "<group>"; };
		1805ADC71DC1F7D500F27388 /* MYZComposePicsView.m */ = {isa = PBXFileReference; fileEncoding = 4; lastKnownFileType = sourcecode.c.objc; path = MYZComposePicsView.m; sourceTree = "<group>"; };
		18432ACD1DB4C53C00E21F6E /* MYZStatusFrame.h */ = {isa = PBXFileReference; fileEncoding = 4; lastKnownFileType = sourcecode.c.h; path = MYZStatusFrame.h; sourceTree = "<group>"; };
		18432ACE1DB4C53C00E21F6E /* MYZStatusFrame.m */ = {isa = PBXFileReference; fileEncoding = 4; lastKnownFileType = sourcecode.c.objc; path = MYZStatusFrame.m; sourceTree = "<group>"; };
		18432AD01DB4C80400E21F6E /* MYZStatusFrameTop.h */ = {isa = PBXFileReference; fileEncoding = 4; lastKnownFileType = sourcecode.c.h; path = MYZStatusFrameTop.h; sourceTree = "<group>"; };
		18432AD11DB4C80400E21F6E /* MYZStatusFrameTop.m */ = {isa = PBXFileReference; fileEncoding = 4; lastKnownFileType = sourcecode.c.objc; path = MYZStatusFrameTop.m; sourceTree = "<group>"; };
		18432AD31DB4C83600E21F6E /* MYZStatusFrameMiddle.h */ = {isa = PBXFileReference; fileEncoding = 4; lastKnownFileType = sourcecode.c.h; path = MYZStatusFrameMiddle.h; sourceTree = "<group>"; };
		18432AD41DB4C83600E21F6E /* MYZStatusFrameMiddle.m */ = {isa = PBXFileReference; fileEncoding = 4; lastKnownFileType = sourcecode.c.objc; path = MYZStatusFrameMiddle.m; sourceTree = "<group>"; };
		18467D291DAE023600B1D963 /* MYZAccount.h */ = {isa = PBXFileReference; fileEncoding = 4; lastKnownFileType = sourcecode.c.h; path = MYZAccount.h; sourceTree = "<group>"; };
		18467D2A1DAE023600B1D963 /* MYZAccount.m */ = {isa = PBXFileReference; fileEncoding = 4; lastKnownFileType = sourcecode.c.objc; path = MYZAccount.m; sourceTree = "<group>"; };
		18467D2D1DAE023600B1D963 /* MYZUserInfo.h */ = {isa = PBXFileReference; fileEncoding = 4; lastKnownFileType = sourcecode.c.h; path = MYZUserInfo.h; sourceTree = "<group>"; };
		18467D2E1DAE023600B1D963 /* MYZUserInfo.m */ = {isa = PBXFileReference; fileEncoding = 4; lastKnownFileType = sourcecode.c.objc; path = MYZUserInfo.m; sourceTree = "<group>"; };
		18467D341DAE026C00B1D963 /* MYZHttpTools.h */ = {isa = PBXFileReference; fileEncoding = 4; lastKnownFileType = sourcecode.c.h; path = MYZHttpTools.h; sourceTree = "<group>"; };
		18467D351DAE026C00B1D963 /* MYZHttpTools.m */ = {isa = PBXFileReference; fileEncoding = 4; lastKnownFileType = sourcecode.c.objc; path = MYZHttpTools.m; sourceTree = "<group>"; };
		18467D361DAE026C00B1D963 /* MYZTools.h */ = {isa = PBXFileReference; fileEncoding = 4; lastKnownFileType = sourcecode.c.h; path = MYZTools.h; sourceTree = "<group>"; };
		18467D371DAE026C00B1D963 /* MYZTools.m */ = {isa = PBXFileReference; fileEncoding = 4; lastKnownFileType = sourcecode.c.objc; path = MYZTools.m; sourceTree = "<group>"; };
		184E0A9E1DC75FF9004246ED /* MYZEmotionListView.h */ = {isa = PBXFileReference; fileEncoding = 4; lastKnownFileType = sourcecode.c.h; path = MYZEmotionListView.h; sourceTree = "<group>"; };
		184E0A9F1DC75FF9004246ED /* MYZEmotionListView.m */ = {isa = PBXFileReference; fileEncoding = 4; lastKnownFileType = sourcecode.c.objc; path = MYZEmotionListView.m; sourceTree = "<group>"; };
		184E0AA11DC76011004246ED /* MYZEmotionToolBar.h */ = {isa = PBXFileReference; fileEncoding = 4; lastKnownFileType = sourcecode.c.h; path = MYZEmotionToolBar.h; sourceTree = "<group>"; };
		184E0AA21DC76011004246ED /* MYZEmotionToolBar.m */ = {isa = PBXFileReference; fileEncoding = 4; lastKnownFileType = sourcecode.c.objc; path = MYZEmotionToolBar.m; sourceTree = "<group>"; };
		1858B8771DAB6722004E81A7 /* PrefixHeader.pch */ = {isa = PBXFileReference; fileEncoding = 4; lastKnownFileType = sourcecode.c.h; path = PrefixHeader.pch; sourceTree = "<group>"; };
		18711B5C1DB71DCE007A0A1D /* MYZStatusCell.h */ = {isa = PBXFileReference; fileEncoding = 4; lastKnownFileType = sourcecode.c.h; name = MYZStatusCell.h; path = WeiboDemo/Classes/Home/model/MYZStatusCell.h; sourceTree = SOURCE_ROOT; };
		18711B5D1DB71DCE007A0A1D /* MYZStatusCell.m */ = {isa = PBXFileReference; fileEncoding = 4; lastKnownFileType = sourcecode.c.objc; name = MYZStatusCell.m; path = WeiboDemo/Classes/Home/model/MYZStatusCell.m; sourceTree = SOURCE_ROOT; };
		188AAE9A1DB627DC00A8274F /* NSString+MYZ.h */ = {isa = PBXFileReference; fileEncoding = 4; lastKnownFileType = sourcecode.c.h; path = "NSString+MYZ.h"; sourceTree = "<group>"; };
		188AAE9B1DB627DC00A8274F /* NSString+MYZ.m */ = {isa = PBXFileReference; fileEncoding = 4; lastKnownFileType = sourcecode.c.objc; path = "NSString+MYZ.m"; sourceTree = "<group>"; };
		188AAE9D1DB627F100A8274F /* UIImage+MYZ.h */ = {isa = PBXFileReference; fileEncoding = 4; lastKnownFileType = sourcecode.c.h; path = "UIImage+MYZ.h"; sourceTree = "<group>"; };
		188AAE9E1DB627F100A8274F /* UIImage+MYZ.m */ = {isa = PBXFileReference; fileEncoding = 4; lastKnownFileType = sourcecode.c.objc; path = "UIImage+MYZ.m"; sourceTree = "<group>"; };
		188AAE9F1DB627F100A8274F /* UIView+MYZ.h */ = {isa = PBXFileReference; fileEncoding = 4; lastKnownFileType = sourcecode.c.h; path = "UIView+MYZ.h"; sourceTree = "<group>"; };
		188AAEA01DB627F100A8274F /* UIView+MYZ.m */ = {isa = PBXFileReference; fileEncoding = 4; lastKnownFileType = sourcecode.c.objc; path = "UIView+MYZ.m"; sourceTree = "<group>"; };
		18C375C81DD5B2E900B68E72 /* MYZEmotionListCell.h */ = {isa = PBXFileReference; fileEncoding = 4; lastKnownFileType = sourcecode.c.h; path = MYZEmotionListCell.h; sourceTree = "<group>"; };
		18C375C91DD5B2E900B68E72 /* MYZEmotionListCell.m */ = {isa = PBXFileReference; fileEncoding = 4; lastKnownFileType = sourcecode.c.objc; path = MYZEmotionListCell.m; sourceTree = "<group>"; };
		18C7CE5D1DC05F0500B4D997 /* MYZStatusPicView.h */ = {isa = PBXFileReference; fileEncoding = 4; lastKnownFileType = sourcecode.c.h; path = MYZStatusPicView.h; sourceTree = "<group>"; };
		18C7CE5E1DC05F0500B4D997 /* MYZStatusPicView.m */ = {isa = PBXFileReference; fileEncoding = 4; lastKnownFileType = sourcecode.c.objc; path = MYZStatusPicView.m; sourceTree = "<group>"; };
		18C7CE601DC05F2800B4D997 /* MYZStatusPicContentView.h */ = {isa = PBXFileReference; fileEncoding = 4; lastKnownFileType = sourcecode.c.h; path = MYZStatusPicContentView.h; sourceTree = "<group>"; };
		18C7CE611DC05F2800B4D997 /* MYZStatusPicContentView.m */ = {isa = PBXFileReference; fileEncoding = 4; lastKnownFileType = sourcecode.c.objc; path = MYZStatusPicContentView.m; sourceTree = "<group>"; };
		18C7CE641DC0A5E900B4D997 /* MJPhoto.h */ = {isa = PBXFileReference; fileEncoding = 4; lastKnownFileType = sourcecode.c.h; path = MJPhoto.h; sourceTree = "<group>"; };
		18C7CE651DC0A5E900B4D997 /* MJPhoto.m */ = {isa = PBXFileReference; fileEncoding = 4; lastKnownFileType = sourcecode.c.objc; path = MJPhoto.m; sourceTree = "<group>"; };
		18C7CE661DC0A5E900B4D997 /* MJPhotoBrowser.bundle */ = {isa = PBXFileReference; lastKnownFileType = "wrapper.plug-in"; path = MJPhotoBrowser.bundle; sourceTree = "<group>"; };
		18C7CE671DC0A5E900B4D997 /* MJPhotoBrowser.h */ = {isa = PBXFileReference; fileEncoding = 4; lastKnownFileType = sourcecode.c.h; path = MJPhotoBrowser.h; sourceTree = "<group>"; };
		18C7CE681DC0A5E900B4D997 /* MJPhotoBrowser.m */ = {isa = PBXFileReference; fileEncoding = 4; lastKnownFileType = sourcecode.c.objc; path = MJPhotoBrowser.m; sourceTree = "<group>"; };
		18C7CE691DC0A5E900B4D997 /* MJPhotoLoadingView.h */ = {isa = PBXFileReference; fileEncoding = 4; lastKnownFileType = sourcecode.c.h; path = MJPhotoLoadingView.h; sourceTree = "<group>"; };
		18C7CE6A1DC0A5E900B4D997 /* MJPhotoLoadingView.m */ = {isa = PBXFileReference; fileEncoding = 4; lastKnownFileType = sourcecode.c.objc; path = MJPhotoLoadingView.m; sourceTree = "<group>"; };
		18C7CE6B1DC0A5E900B4D997 /* MJPhotoProgressView.h */ = {isa = PBXFileReference; fileEncoding = 4; lastKnownFileType = sourcecode.c.h; path = MJPhotoProgressView.h; sourceTree = "<group>"; };
		18C7CE6C1DC0A5E900B4D997 /* MJPhotoProgressView.m */ = {isa = PBXFileReference; fileEncoding = 4; lastKnownFileType = sourcecode.c.objc; path = MJPhotoProgressView.m; sourceTree = "<group>"; };
		18C7CE6D1DC0A5E900B4D997 /* MJPhotoToolbar.h */ = {isa = PBXFileReference; fileEncoding = 4; lastKnownFileType = sourcecode.c.h; path = MJPhotoToolbar.h; sourceTree = "<group>"; };
		18C7CE6E1DC0A5E900B4D997 /* MJPhotoToolbar.m */ = {isa = PBXFileReference; fileEncoding = 4; lastKnownFileType = sourcecode.c.objc; path = MJPhotoToolbar.m; sourceTree = "<group>"; };
		18C7CE6F1DC0A5E900B4D997 /* MJPhotoView.h */ = {isa = PBXFileReference; fileEncoding = 4; lastKnownFileType = sourcecode.c.h; path = MJPhotoView.h; sourceTree = "<group>"; };
		18C7CE701DC0A5E900B4D997 /* MJPhotoView.m */ = {isa = PBXFileReference; fileEncoding = 4; lastKnownFileType = sourcecode.c.objc; path = MJPhotoView.m; sourceTree = "<group>"; };
		18C7CE711DC0A5E900B4D997 /* SDWebImageManager+MJ.h */ = {isa = PBXFileReference; fileEncoding = 4; lastKnownFileType = sourcecode.c.h; path = "SDWebImageManager+MJ.h"; sourceTree = "<group>"; };
		18C7CE721DC0A5E900B4D997 /* SDWebImageManager+MJ.m */ = {isa = PBXFileReference; fileEncoding = 4; lastKnownFileType = sourcecode.c.objc; path = "SDWebImageManager+MJ.m"; sourceTree = "<group>"; };
		18C7CE7C1DC0ACB400B4D997 /* MYZComposeController.h */ = {isa = PBXFileReference; fileEncoding = 4; lastKnownFileType = sourcecode.c.h; path = MYZComposeController.h; sourceTree = "<group>"; };
		18C7CE7D1DC0ACB400B4D997 /* MYZComposeController.m */ = {isa = PBXFileReference; fileEncoding = 4; lastKnownFileType = sourcecode.c.objc; path = MYZComposeController.m; sourceTree = "<group>"; };
		18CBE96C1DACB6510068832E /* MYZOAuthController.h */ = {isa = PBXFileReference; fileEncoding = 4; lastKnownFileType = sourcecode.c.h; path = MYZOAuthController.h; sourceTree = "<group>"; };
		18CBE96D1DACB6510068832E /* MYZOAuthController.m */ = {isa = PBXFileReference; fileEncoding = 4; lastKnownFileType = sourcecode.c.objc; path = MYZOAuthController.m; sourceTree = "<group>"; };
		18E5A17B1DB9A6FE00375480 /* MYZMenuPageController.h */ = {isa = PBXFileReference; fileEncoding = 4; lastKnownFileType = sourcecode.c.h; path = MYZMenuPageController.h; sourceTree = "<group>"; };
		18E5A17C1DB9A6FE00375480 /* MYZMenuPageController.m */ = {isa = PBXFileReference; fileEncoding = 4; lastKnownFileType = sourcecode.c.objc; path = MYZMenuPageController.m; sourceTree = "<group>"; };
		18E5A17E1DB9A72900375480 /* MYZMenuView.h */ = {isa = PBXFileReference; fileEncoding = 4; lastKnownFileType = sourcecode.c.h; path = MYZMenuView.h; sourceTree = "<group>"; };
		18E5A17F1DB9A72900375480 /* MYZMenuView.m */ = {isa = PBXFileReference; fileEncoding = 4; lastKnownFileType = sourcecode.c.objc; path = MYZMenuView.m; sourceTree = "<group>"; };
		5A78459A4FCE9534853ED10E /* Pods-WeiboDemo.release.xcconfig */ = {isa = PBXFileReference; includeInIndex = 1; lastKnownFileType = text.xcconfig; name = "Pods-WeiboDemo.release.xcconfig"; path = "Pods/Target Support Files/Pods-WeiboDemo/Pods-WeiboDemo.release.xcconfig"; sourceTree = "<group>"; };
		75D0F767266298436492BE54 /* Pods-WeiboDemo.debug.xcconfig */ = {isa = PBXFileReference; includeInIndex = 1; lastKnownFileType = text.xcconfig; name = "Pods-WeiboDemo.debug.xcconfig"; path = "Pods/Target Support Files/Pods-WeiboDemo/Pods-WeiboDemo.debug.xcconfig"; sourceTree = "<group>"; };
		B26F9F0404FECB89105474B9 /* libPods-WeiboDemo.a */ = {isa = PBXFileReference; explicitFileType = archive.ar; includeInIndex = 0; path = "libPods-WeiboDemo.a"; sourceTree = BUILT_PRODUCTS_DIR; };
		DA115E4F1DC6331600C22743 /* EmotionIcons */ = {isa = PBXFileReference; lastKnownFileType = folder; path = EmotionIcons; sourceTree = "<group>"; };
		DA115E571DC6346400C22743 /* MYZComposeEmotionKeyboard.h */ = {isa = PBXFileReference; fileEncoding = 4; lastKnownFileType = sourcecode.c.h; path = MYZComposeEmotionKeyboard.h; sourceTree = "<group>"; };
		DA115E581DC6346400C22743 /* MYZComposeEmotionKeyboard.m */ = {isa = PBXFileReference; fileEncoding = 4; lastKnownFileType = sourcecode.c.objc; path = MYZComposeEmotionKeyboard.m; sourceTree = "<group>"; };
		DA2091491DDA0650006B92E5 /* MYZEmotion.h */ = {isa = PBXFileReference; fileEncoding = 4; lastKnownFileType = sourcecode.c.h; name = MYZEmotion.h; path = WeiboDemo/Classes/Compose/View/MYZEmotion.h; sourceTree = SOURCE_ROOT; };
		DA20914A1DDA0650006B92E5 /* MYZEmotion.m */ = {isa = PBXFileReference; fileEncoding = 4; lastKnownFileType = sourcecode.c.objc; name = MYZEmotion.m; path = WeiboDemo/Classes/Compose/View/MYZEmotion.m; sourceTree = SOURCE_ROOT; };
		DA20914C1DDA0702006B92E5 /* NSString+Emoji.h */ = {isa = PBXFileReference; fileEncoding = 4; lastKnownFileType = sourcecode.c.h; path = "NSString+Emoji.h"; sourceTree = "<group>"; };
		DA20914D1DDA0702006B92E5 /* NSString+Emoji.m */ = {isa = PBXFileReference; fileEncoding = 4; lastKnownFileType = sourcecode.c.objc; path = "NSString+Emoji.m"; sourceTree = "<group>"; };
		DA5241021DB5105C003AF28A /* MYZStatusRetweeted.h */ = {isa = PBXFileReference; fileEncoding = 4; lastKnownFileType = sourcecode.c.h; path = MYZStatusRetweeted.h; sourceTree = "<group>"; };
		DA5241031DB5105C003AF28A /* MYZStatusRetweeted.m */ = {isa = PBXFileReference; fileEncoding = 4; lastKnownFileType = sourcecode.c.objc; path = MYZStatusRetweeted.m; sourceTree = "<group>"; };
		DA5D88381D86F4EE00583136 /* WeiboDemo.app */ = {isa = PBXFileReference; explicitFileType = wrapper.application; includeInIndex = 0; path = WeiboDemo.app; sourceTree = BUILT_PRODUCTS_DIR; };
		DA5D884C1D86F4EE00583136 /* Info.plist */ = {isa = PBXFileReference; lastKnownFileType = text.plist.xml; path = Info.plist; sourceTree = "<group>"; };
		DA5D88511D86F4EE00583136 /* WeiboDemoTests.xctest */ = {isa = PBXFileReference; explicitFileType = wrapper.cfbundle; includeInIndex = 0; path = WeiboDemoTests.xctest; sourceTree = BUILT_PRODUCTS_DIR; };
		DA5D88551D86F4EE00583136 /* WeiboDemoTests.m */ = {isa = PBXFileReference; lastKnownFileType = sourcecode.c.objc; path = WeiboDemoTests.m; sourceTree = "<group>"; };
		DA5D88571D86F4EE00583136 /* Info.plist */ = {isa = PBXFileReference; lastKnownFileType = text.plist.xml; path = Info.plist; sourceTree = "<group>"; };
		DA5D885C1D86F4EE00583136 /* WeiboDemoUITests.xctest */ = {isa = PBXFileReference; explicitFileType = wrapper.cfbundle; includeInIndex = 0; path = WeiboDemoUITests.xctest; sourceTree = BUILT_PRODUCTS_DIR; };
		DA5D88601D86F4EE00583136 /* WeiboDemoUITests.m */ = {isa = PBXFileReference; lastKnownFileType = sourcecode.c.objc; path = WeiboDemoUITests.m; sourceTree = "<group>"; };
		DA5D88621D86F4EE00583136 /* Info.plist */ = {isa = PBXFileReference; lastKnownFileType = text.plist.xml; path = Info.plist; sourceTree = "<group>"; };
		DA65B9EB1D9AC0B700251B38 /* MYZTabBar.h */ = {isa = PBXFileReference; fileEncoding = 4; lastKnownFileType = sourcecode.c.h; path = MYZTabBar.h; sourceTree = "<group>"; };
		DA65B9EC1D9AC0B700251B38 /* MYZTabBar.m */ = {isa = PBXFileReference; fileEncoding = 4; lastKnownFileType = sourcecode.c.objc; path = MYZTabBar.m; sourceTree = "<group>"; };
		DA65B9F11D9AC29100251B38 /* MYZProfileController.h */ = {isa = PBXFileReference; fileEncoding = 4; lastKnownFileType = sourcecode.c.h; path = MYZProfileController.h; sourceTree = "<group>"; };
		DA65B9F21D9AC29100251B38 /* MYZProfileController.m */ = {isa = PBXFileReference; fileEncoding = 4; lastKnownFileType = sourcecode.c.objc; path = MYZProfileController.m; sourceTree = "<group>"; };
		DA65B9F71D9AC2F800251B38 /* AppDelegate.h */ = {isa = PBXFileReference; fileEncoding = 4; lastKnownFileType = sourcecode.c.h; path = AppDelegate.h; sourceTree = "<group>"; };
		DA65B9F81D9AC2F800251B38 /* AppDelegate.m */ = {isa = PBXFileReference; fileEncoding = 4; lastKnownFileType = sourcecode.c.objc; path = AppDelegate.m; sourceTree = "<group>"; };
		DA65B9F91D9AC2F800251B38 /* main.m */ = {isa = PBXFileReference; fileEncoding = 4; lastKnownFileType = sourcecode.c.objc; path = main.m; sourceTree = "<group>"; };
		DA73CA891D97CF0E00CF5839 /* MYZNavController.h */ = {isa = PBXFileReference; fileEncoding = 4; lastKnownFileType = sourcecode.c.h; path = MYZNavController.h; sourceTree = "<group>"; };
		DA73CA8A1D97CF0E00CF5839 /* MYZNavController.m */ = {isa = PBXFileReference; fileEncoding = 4; lastKnownFileType = sourcecode.c.objc; path = MYZNavController.m; sourceTree = "<group>"; };
		DA73CA8C1D97CF2A00CF5839 /* MYZTabBarController.h */ = {isa = PBXFileReference; fileEncoding = 4; lastKnownFileType = sourcecode.c.h; path = MYZTabBarController.h; sourceTree = "<group>"; };
		DA73CA8D1D97CF2A00CF5839 /* MYZTabBarController.m */ = {isa = PBXFileReference; fileEncoding = 4; lastKnownFileType = sourcecode.c.objc; path = MYZTabBarController.m; sourceTree = "<group>"; };
		DAA521F11DB3693C00DD29AF /* MYZHomeController.h */ = {isa = PBXFileReference; fileEncoding = 4; lastKnownFileType = sourcecode.c.h; path = MYZHomeController.h; sourceTree = "<group>"; };
		DAA521F21DB3693C00DD29AF /* MYZHomeController.m */ = {isa = PBXFileReference; fileEncoding = 4; lastKnownFileType = sourcecode.c.objc; path = MYZHomeController.m; sourceTree = "<group>"; };
		DAA521F61DB369A700DD29AF /* MYZStatus.h */ = {isa = PBXFileReference; fileEncoding = 4; lastKnownFileType = sourcecode.c.h; path = MYZStatus.h; sourceTree = "<group>"; };
		DAA521F71DB369A700DD29AF /* MYZStatus.m */ = {isa = PBXFileReference; fileEncoding = 4; lastKnownFileType = sourcecode.c.objc; path = MYZStatus.m; sourceTree = "<group>"; };
		DAA521F91DB377CD00DD29AF /* MYZStatusPic.h */ = {isa = PBXFileReference; fileEncoding = 4; lastKnownFileType = sourcecode.c.h; path = MYZStatusPic.h; sourceTree = "<group>"; };
		DAA521FA1DB377CD00DD29AF /* MYZStatusPic.m */ = {isa = PBXFileReference; fileEncoding = 4; lastKnownFileType = sourcecode.c.objc; path = MYZStatusPic.m; sourceTree = "<group>"; };
		DADB20B41DBFA691009D1ACD /* LabelScrollView.h */ = {isa = PBXFileReference; fileEncoding = 4; lastKnownFileType = sourcecode.c.h; path = LabelScrollView.h; sourceTree = "<group>"; };
		DADB20B51DBFA691009D1ACD /* LabelScrollView.m */ = {isa = PBXFileReference; fileEncoding = 4; lastKnownFileType = sourcecode.c.objc; path = LabelScrollView.m; sourceTree = "<group>"; };
		DAEEC8051DBC599600DD7ADE /* MYZStatusTopView.h */ = {isa = PBXFileReference; fileEncoding = 4; lastKnownFileType = sourcecode.c.h; path = MYZStatusTopView.h; sourceTree = "<group>"; };
		DAEEC8061DBC599600DD7ADE /* MYZStatusTopView.m */ = {isa = PBXFileReference; fileEncoding = 4; lastKnownFileType = sourcecode.c.objc; path = MYZStatusTopView.m; sourceTree = "<group>"; };
		DAEEC8081DBC59AC00DD7ADE /* MYZStatusMiddleView.h */ = {isa = PBXFileReference; fileEncoding = 4; lastKnownFileType = sourcecode.c.h; path = MYZStatusMiddleView.h; sourceTree = "<group>"; };
		DAEEC8091DBC59AC00DD7ADE /* MYZStatusMiddleView.m */ = {isa = PBXFileReference; fileEncoding = 4; lastKnownFileType = sourcecode.c.objc; path = MYZStatusMiddleView.m; sourceTree = "<group>"; };
		DAEEC80B1DBC59BF00DD7ADE /* MYZStatusBottomView.h */ = {isa = PBXFileReference; fileEncoding = 4; lastKnownFileType = sourcecode.c.h; path = MYZStatusBottomView.h; sourceTree = "<group>"; };
		DAEEC80C1DBC59BF00DD7ADE /* MYZStatusBottomView.m */ = {isa = PBXFileReference; fileEncoding = 4; lastKnownFileType = sourcecode.c.objc; path = MYZStatusBottomView.m; sourceTree = "<group>"; };
		DAEEC8111DBC6A7400DD7ADE /* Assets.xcassets */ = {isa = PBXFileReference; lastKnownFileType = folder.assetcatalog; path = Assets.xcassets; sourceTree = "<group>"; };
		DAF843BA1DC0F6CB00F505DC /* MYZComposeTextView.h */ = {isa = PBXFileReference; fileEncoding = 4; lastKnownFileType = sourcecode.c.h; name = MYZComposeTextView.h; path = WeiboDemo/Classes/Main/Category/MYZComposeTextView.h; sourceTree = SOURCE_ROOT; };
		DAF843BB1DC0F6CB00F505DC /* MYZComposeTextView.m */ = {isa = PBXFileReference; fileEncoding = 4; lastKnownFileType = sourcecode.c.objc; name = MYZComposeTextView.m; path = WeiboDemo/Classes/Main/Category/MYZComposeTextView.m; sourceTree = SOURCE_ROOT; };
/* End PBXFileReference section */

/* Begin PBXFrameworksBuildPhase section */
		DA5D88351D86F4EE00583136 /* Frameworks */ = {
			isa = PBXFrameworksBuildPhase;
			buildActionMask = 2147483647;
			files = (
				89D4DECB42455CEA228A2CF5 /* libPods-WeiboDemo.a in Frameworks */,
			);
			runOnlyForDeploymentPostprocessing = 0;
		};
		DA5D884E1D86F4EE00583136 /* Frameworks */ = {
			isa = PBXFrameworksBuildPhase;
			buildActionMask = 2147483647;
			files = (
			);
			runOnlyForDeploymentPostprocessing = 0;
		};
		DA5D88591D86F4EE00583136 /* Frameworks */ = {
			isa = PBXFrameworksBuildPhase;
			buildActionMask = 2147483647;
			files = (
			);
			runOnlyForDeploymentPostprocessing = 0;
		};
/* End PBXFrameworksBuildPhase section */

/* Begin PBXGroup section */
		18467D281DAE023600B1D963 /* Model */ = {
			isa = PBXGroup;
			children = (
				18467D291DAE023600B1D963 /* MYZAccount.h */,
				18467D2A1DAE023600B1D963 /* MYZAccount.m */,
				18467D2D1DAE023600B1D963 /* MYZUserInfo.h */,
				18467D2E1DAE023600B1D963 /* MYZUserInfo.m */,
			);
			path = Model;
			sourceTree = "<group>";
		};
		18467D321DAE023E00B1D963 /* Category */ = {
			isa = PBXGroup;
			children = (
				DA20914C1DDA0702006B92E5 /* NSString+Emoji.h */,
				DA20914D1DDA0702006B92E5 /* NSString+Emoji.m */,
				188AAE9D1DB627F100A8274F /* UIImage+MYZ.h */,
				188AAE9E1DB627F100A8274F /* UIImage+MYZ.m */,
				188AAE9F1DB627F100A8274F /* UIView+MYZ.h */,
				188AAEA01DB627F100A8274F /* UIView+MYZ.m */,
				188AAE9A1DB627DC00A8274F /* NSString+MYZ.h */,
				188AAE9B1DB627DC00A8274F /* NSString+MYZ.m */,
			);
			path = Category;
			sourceTree = "<group>";
		};
		18467D331DAE026C00B1D963 /* Tool */ = {
			isa = PBXGroup;
			children = (
				18467D341DAE026C00B1D963 /* MYZHttpTools.h */,
				18467D351DAE026C00B1D963 /* MYZHttpTools.m */,
				18467D361DAE026C00B1D963 /* MYZTools.h */,
				18467D371DAE026C00B1D963 /* MYZTools.m */,
			);
			path = Tool;
			sourceTree = "<group>";
		};
		18C7CE631DC0A5E900B4D997 /* MJPhotoBrowser */ = {
			isa = PBXGroup;
			children = (
				18C7CE641DC0A5E900B4D997 /* MJPhoto.h */,
				18C7CE651DC0A5E900B4D997 /* MJPhoto.m */,
				18C7CE661DC0A5E900B4D997 /* MJPhotoBrowser.bundle */,
				18C7CE671DC0A5E900B4D997 /* MJPhotoBrowser.h */,
				18C7CE681DC0A5E900B4D997 /* MJPhotoBrowser.m */,
				18C7CE691DC0A5E900B4D997 /* MJPhotoLoadingView.h */,
				18C7CE6A1DC0A5E900B4D997 /* MJPhotoLoadingView.m */,
				18C7CE6B1DC0A5E900B4D997 /* MJPhotoProgressView.h */,
				18C7CE6C1DC0A5E900B4D997 /* MJPhotoProgressView.m */,
				18C7CE6D1DC0A5E900B4D997 /* MJPhotoToolbar.h */,
				18C7CE6E1DC0A5E900B4D997 /* MJPhotoToolbar.m */,
				18C7CE6F1DC0A5E900B4D997 /* MJPhotoView.h */,
				18C7CE701DC0A5E900B4D997 /* MJPhotoView.m */,
				18C7CE711DC0A5E900B4D997 /* SDWebImageManager+MJ.h */,
				18C7CE721DC0A5E900B4D997 /* SDWebImageManager+MJ.m */,
			);
			path = MJPhotoBrowser;
			sourceTree = "<group>";
		};
		18C7CE7B1DC0ACB400B4D997 /* Controller */ = {
			isa = PBXGroup;
			children = (
				18C7CE7C1DC0ACB400B4D997 /* MYZComposeController.h */,
				18C7CE7D1DC0ACB400B4D997 /* MYZComposeController.m */,
			);
			path = Controller;
			sourceTree = "<group>";
		};
		18C7CE7E1DC0ACB400B4D997 /* Model */ = {
			isa = PBXGroup;
			children = (
				DA2091491DDA0650006B92E5 /* MYZEmotion.h */,
				DA20914A1DDA0650006B92E5 /* MYZEmotion.m */,
			);
			path = Model;
			sourceTree = "<group>";
		};
		18C7CE7F1DC0ACB400B4D997 /* View */ = {
			isa = PBXGroup;
			children = (
				DA115C871DC626E800C22743 /* EmtionKeyboard */,
				DAF843BA1DC0F6CB00F505DC /* MYZComposeTextView.h */,
				DAF843BB1DC0F6CB00F505DC /* MYZComposeTextView.m */,
				1805ADC61DC1F7D500F27388 /* MYZComposePicsView.h */,
				1805ADC71DC1F7D500F27388 /* MYZComposePicsView.m */,
				1805ADC31DC1D58000F27388 /* MYZComposeToolsBar.h */,
				1805ADC41DC1D58000F27388 /* MYZComposeToolsBar.m */,
			);
			path = View;
			sourceTree = "<group>";
		};
		18E5A17A1DB9A6A600375480 /* Temp */ = {
			isa = PBXGroup;
			children = (
				18C7CE631DC0A5E900B4D997 /* MJPhotoBrowser */,
				DADB20B41DBFA691009D1ACD /* LabelScrollView.h */,
				DADB20B51DBFA691009D1ACD /* LabelScrollView.m */,
				18E5A17B1DB9A6FE00375480 /* MYZMenuPageController.h */,
				18E5A17C1DB9A6FE00375480 /* MYZMenuPageController.m */,
				18E5A17E1DB9A72900375480 /* MYZMenuView.h */,
				18E5A17F1DB9A72900375480 /* MYZMenuView.m */,
			);
			path = Temp;
			sourceTree = "<group>";
		};
		979F5D576E1E8CD6B202B04E /* Frameworks */ = {
			isa = PBXGroup;
			children = (
				B26F9F0404FECB89105474B9 /* libPods-WeiboDemo.a */,
			);
			name = Frameworks;
			sourceTree = "<group>";
		};
		A8D32ECE521FE81A9785757F /* Pods */ = {
			isa = PBXGroup;
			children = (
				75D0F767266298436492BE54 /* Pods-WeiboDemo.debug.xcconfig */,
				5A78459A4FCE9534853ED10E /* Pods-WeiboDemo.release.xcconfig */,
			);
			name = Pods;
			sourceTree = "<group>";
		};
		DA115C871DC626E800C22743 /* EmtionKeyboard */ = {
			isa = PBXGroup;
			children = (
				DA115E571DC6346400C22743 /* MYZComposeEmotionKeyboard.h */,
				DA115E581DC6346400C22743 /* MYZComposeEmotionKeyboard.m */,
				184E0A9E1DC75FF9004246ED /* MYZEmotionListView.h */,
				184E0A9F1DC75FF9004246ED /* MYZEmotionListView.m */,
				184E0AA11DC76011004246ED /* MYZEmotionToolBar.h */,
				184E0AA21DC76011004246ED /* MYZEmotionToolBar.m */,
				18C375C81DD5B2E900B68E72 /* MYZEmotionListCell.h */,
				18C375C91DD5B2E900B68E72 /* MYZEmotionListCell.m */,
			);
			path = EmtionKeyboard;
			sourceTree = "<group>";
		};
		DA5D882F1D86F4EE00583136 = {
			isa = PBXGroup;
			children = (
				DA5D883A1D86F4EE00583136 /* WeiboDemo */,
				DA5D88541D86F4EE00583136 /* WeiboDemoTests */,
				DA5D885F1D86F4EE00583136 /* WeiboDemoUITests */,
				DA5D88391D86F4EE00583136 /* Products */,
				A8D32ECE521FE81A9785757F /* Pods */,
				979F5D576E1E8CD6B202B04E /* Frameworks */,
			);
			sourceTree = "<group>";
		};
		DA5D88391D86F4EE00583136 /* Products */ = {
			isa = PBXGroup;
			children = (
				DA5D88381D86F4EE00583136 /* WeiboDemo.app */,
				DA5D88511D86F4EE00583136 /* WeiboDemoTests.xctest */,
				DA5D885C1D86F4EE00583136 /* WeiboDemoUITests.xctest */,
			);
			name = Products;
			sourceTree = "<group>";
		};
		DA5D883A1D86F4EE00583136 /* WeiboDemo */ = {
			isa = PBXGroup;
			children = (
				DA73CA781D97CC1100CF5839 /* Classes */,
				DA5D883B1D86F4EE00583136 /* Supporting Files */,
			);
			path = WeiboDemo;
			sourceTree = "<group>";
		};
		DA5D883B1D86F4EE00583136 /* Supporting Files */ = {
			isa = PBXGroup;
			children = (
				DA115E4F1DC6331600C22743 /* EmotionIcons */,
				DAEEC8111DBC6A7400DD7ADE /* Assets.xcassets */,
				DA65B9F71D9AC2F800251B38 /* AppDelegate.h */,
				DA65B9F81D9AC2F800251B38 /* AppDelegate.m */,
				1858B8771DAB6722004E81A7 /* PrefixHeader.pch */,
				DA65B9F91D9AC2F800251B38 /* main.m */,
				DA5D884C1D86F4EE00583136 /* Info.plist */,
			);
			name = "Supporting Files";
			sourceTree = "<group>";
		};
		DA5D88541D86F4EE00583136 /* WeiboDemoTests */ = {
			isa = PBXGroup;
			children = (
				DA5D88551D86F4EE00583136 /* WeiboDemoTests.m */,
				DA5D88571D86F4EE00583136 /* Info.plist */,
			);
			path = WeiboDemoTests;
			sourceTree = "<group>";
		};
		DA5D885F1D86F4EE00583136 /* WeiboDemoUITests */ = {
			isa = PBXGroup;
			children = (
				DA5D88601D86F4EE00583136 /* WeiboDemoUITests.m */,
				DA5D88621D86F4EE00583136 /* Info.plist */,
			);
			path = WeiboDemoUITests;
			sourceTree = "<group>";
		};
		DA73CA781D97CC1100CF5839 /* Classes */ = {
			isa = PBXGroup;
			children = (
				18E5A17A1DB9A6A600375480 /* Temp */,
				DA73CA7C1D97CC1100CF5839 /* Main */,
				DA73CA7A1D97CC1100CF5839 /* Home */,
				DA73CA861D97CC1100CF5839 /* Profile */,
				DA73CA791D97CC1100CF5839 /* Compose */,
			);
			path = Classes;
			sourceTree = "<group>";
		};
		DA73CA791D97CC1100CF5839 /* Compose */ = {
			isa = PBXGroup;
			children = (
				18C7CE7B1DC0ACB400B4D997 /* Controller */,
				18C7CE7E1DC0ACB400B4D997 /* Model */,
				18C7CE7F1DC0ACB400B4D997 /* View */,
			);
			path = Compose;
			sourceTree = "<group>";
		};
		DA73CA7A1D97CC1100CF5839 /* Home */ = {
			isa = PBXGroup;
			children = (
				DAA521F31DB3693C00DD29AF /* model */,
				DAA521F01DB3693C00DD29AF /* controller */,
				DAA521F41DB3693C00DD29AF /* view */,
			);
			path = Home;
			sourceTree = "<group>";
		};
		DA73CA7C1D97CC1100CF5839 /* Main */ = {
			isa = PBXGroup;
			children = (
				18467D331DAE026C00B1D963 /* Tool */,
				18467D321DAE023E00B1D963 /* Category */,
				18467D281DAE023600B1D963 /* Model */,
				DA73CA7E1D97CC1100CF5839 /* Controller */,
				DA73CA851D97CC1100CF5839 /* View */,
			);
			path = Main;
			sourceTree = "<group>";
		};
		DA73CA7E1D97CC1100CF5839 /* Controller */ = {
			isa = PBXGroup;
			children = (
				DA73CA891D97CF0E00CF5839 /* MYZNavController.h */,
				DA73CA8A1D97CF0E00CF5839 /* MYZNavController.m */,
				DA73CA8C1D97CF2A00CF5839 /* MYZTabBarController.h */,
				DA73CA8D1D97CF2A00CF5839 /* MYZTabBarController.m */,
				18CBE96C1DACB6510068832E /* MYZOAuthController.h */,
				18CBE96D1DACB6510068832E /* MYZOAuthController.m */,
			);
			path = Controller;
			sourceTree = "<group>";
		};
		DA73CA851D97CC1100CF5839 /* View */ = {
			isa = PBXGroup;
			children = (
				DA65B9EB1D9AC0B700251B38 /* MYZTabBar.h */,
				DA65B9EC1D9AC0B700251B38 /* MYZTabBar.m */,
			);
			path = View;
			sourceTree = "<group>";
		};
		DA73CA861D97CC1100CF5839 /* Profile */ = {
			isa = PBXGroup;
			children = (
				DA65B9F11D9AC29100251B38 /* MYZProfileController.h */,
				DA65B9F21D9AC29100251B38 /* MYZProfileController.m */,
			);
			path = Profile;
			sourceTree = "<group>";
		};
		DAA521F01DB3693C00DD29AF /* controller */ = {
			isa = PBXGroup;
			children = (
				DAA521F11DB3693C00DD29AF /* MYZHomeController.h */,
				DAA521F21DB3693C00DD29AF /* MYZHomeController.m */,
			);
			path = controller;
			sourceTree = "<group>";
		};
		DAA521F31DB3693C00DD29AF /* model */ = {
			isa = PBXGroup;
			children = (
				DAA521F61DB369A700DD29AF /* MYZStatus.h */,
				DAA521F71DB369A700DD29AF /* MYZStatus.m */,
				DA5241021DB5105C003AF28A /* MYZStatusRetweeted.h */,
				DA5241031DB5105C003AF28A /* MYZStatusRetweeted.m */,
				DAA521F91DB377CD00DD29AF /* MYZStatusPic.h */,
				DAA521FA1DB377CD00DD29AF /* MYZStatusPic.m */,
				18432ACD1DB4C53C00E21F6E /* MYZStatusFrame.h */,
				18432ACE1DB4C53C00E21F6E /* MYZStatusFrame.m */,
				18432AD01DB4C80400E21F6E /* MYZStatusFrameTop.h */,
				18432AD11DB4C80400E21F6E /* MYZStatusFrameTop.m */,
				18432AD31DB4C83600E21F6E /* MYZStatusFrameMiddle.h */,
				18432AD41DB4C83600E21F6E /* MYZStatusFrameMiddle.m */,
			);
			path = model;
			sourceTree = "<group>";
		};
		DAA521F41DB3693C00DD29AF /* view */ = {
			isa = PBXGroup;
			children = (
				18711B5C1DB71DCE007A0A1D /* MYZStatusCell.h */,
				18711B5D1DB71DCE007A0A1D /* MYZStatusCell.m */,
				DAEEC8051DBC599600DD7ADE /* MYZStatusTopView.h */,
				DAEEC8061DBC599600DD7ADE /* MYZStatusTopView.m */,
				DAEEC8081DBC59AC00DD7ADE /* MYZStatusMiddleView.h */,
				DAEEC8091DBC59AC00DD7ADE /* MYZStatusMiddleView.m */,
				DAEEC80B1DBC59BF00DD7ADE /* MYZStatusBottomView.h */,
				DAEEC80C1DBC59BF00DD7ADE /* MYZStatusBottomView.m */,
				18C7CE601DC05F2800B4D997 /* MYZStatusPicContentView.h */,
				18C7CE611DC05F2800B4D997 /* MYZStatusPicContentView.m */,
				18C7CE5D1DC05F0500B4D997 /* MYZStatusPicView.h */,
				18C7CE5E1DC05F0500B4D997 /* MYZStatusPicView.m */,
			);
			path = view;
			sourceTree = "<group>";
		};
/* End PBXGroup section */

/* Begin PBXNativeTarget section */
		DA5D88371D86F4EE00583136 /* WeiboDemo */ = {
			isa = PBXNativeTarget;
			buildConfigurationList = DA5D88651D86F4EE00583136 /* Build configuration list for PBXNativeTarget "WeiboDemo" */;
			buildPhases = (
				B9C1100CE3837FC0CF998FA6 /* Check Pods Manifest.lock */,
				DA5D88341D86F4EE00583136 /* Sources */,
				DA5D88351D86F4EE00583136 /* Frameworks */,
				DA5D88361D86F4EE00583136 /* Resources */,
				F1A2CB4A081EAED30342A866 /* Embed Pods Frameworks */,
				6AF1A542214AB4C32803DCE0 /* Copy Pods Resources */,
			);
			buildRules = (
			);
			dependencies = (
			);
			name = WeiboDemo;
			productName = WeiboDemo;
			productReference = DA5D88381D86F4EE00583136 /* WeiboDemo.app */;
			productType = "com.apple.product-type.application";
		};
		DA5D88501D86F4EE00583136 /* WeiboDemoTests */ = {
			isa = PBXNativeTarget;
			buildConfigurationList = DA5D88681D86F4EE00583136 /* Build configuration list for PBXNativeTarget "WeiboDemoTests" */;
			buildPhases = (
				DA5D884D1D86F4EE00583136 /* Sources */,
				DA5D884E1D86F4EE00583136 /* Frameworks */,
				DA5D884F1D86F4EE00583136 /* Resources */,
			);
			buildRules = (
			);
			dependencies = (
				DA5D88531D86F4EE00583136 /* PBXTargetDependency */,
			);
			name = WeiboDemoTests;
			productName = WeiboDemoTests;
			productReference = DA5D88511D86F4EE00583136 /* WeiboDemoTests.xctest */;
			productType = "com.apple.product-type.bundle.unit-test";
		};
		DA5D885B1D86F4EE00583136 /* WeiboDemoUITests */ = {
			isa = PBXNativeTarget;
			buildConfigurationList = DA5D886B1D86F4EE00583136 /* Build configuration list for PBXNativeTarget "WeiboDemoUITests" */;
			buildPhases = (
				DA5D88581D86F4EE00583136 /* Sources */,
				DA5D88591D86F4EE00583136 /* Frameworks */,
				DA5D885A1D86F4EE00583136 /* Resources */,
			);
			buildRules = (
			);
			dependencies = (
				DA5D885E1D86F4EE00583136 /* PBXTargetDependency */,
			);
			name = WeiboDemoUITests;
			productName = WeiboDemoUITests;
			productReference = DA5D885C1D86F4EE00583136 /* WeiboDemoUITests.xctest */;
			productType = "com.apple.product-type.bundle.ui-testing";
		};
/* End PBXNativeTarget section */

/* Begin PBXProject section */
		DA5D88301D86F4EE00583136 /* Project object */ = {
			isa = PBXProject;
			attributes = {
				CLASSPREFIX = MYZ;
				LastUpgradeCheck = 0730;
				ORGANIZATIONNAME = MA806P;
				TargetAttributes = {
					DA5D88371D86F4EE00583136 = {
						CreatedOnToolsVersion = 7.3;
						DevelopmentTeam = 3ZPEAN2426;
						ProvisioningStyle = Manual;
					};
					DA5D88501D86F4EE00583136 = {
						CreatedOnToolsVersion = 7.3;
						DevelopmentTeam = C645LVUTW4;
						TestTargetID = DA5D88371D86F4EE00583136;
					};
					DA5D885B1D86F4EE00583136 = {
						CreatedOnToolsVersion = 7.3;
						DevelopmentTeam = C645LVUTW4;
						TestTargetID = DA5D88371D86F4EE00583136;
					};
				};
			};
			buildConfigurationList = DA5D88331D86F4EE00583136 /* Build configuration list for PBXProject "WeiboDemo" */;
			compatibilityVersion = "Xcode 3.2";
			developmentRegion = English;
			hasScannedForEncodings = 0;
			knownRegions = (
				en,
				Base,
			);
			mainGroup = DA5D882F1D86F4EE00583136;
			productRefGroup = DA5D88391D86F4EE00583136 /* Products */;
			projectDirPath = "";
			projectRoot = "";
			targets = (
				DA5D88371D86F4EE00583136 /* WeiboDemo */,
				DA5D88501D86F4EE00583136 /* WeiboDemoTests */,
				DA5D885B1D86F4EE00583136 /* WeiboDemoUITests */,
			);
		};
/* End PBXProject section */

/* Begin PBXResourcesBuildPhase section */
		DA5D88361D86F4EE00583136 /* Resources */ = {
			isa = PBXResourcesBuildPhase;
			buildActionMask = 2147483647;
			files = (
				DA115E501DC6331600C22743 /* EmotionIcons in Resources */,
				18C7CE741DC0A5E900B4D997 /* MJPhotoBrowser.bundle in Resources */,
				DAEEC8121DBC6A7400DD7ADE /* Assets.xcassets in Resources */,
			);
			runOnlyForDeploymentPostprocessing = 0;
		};
		DA5D884F1D86F4EE00583136 /* Resources */ = {
			isa = PBXResourcesBuildPhase;
			buildActionMask = 2147483647;
			files = (
			);
			runOnlyForDeploymentPostprocessing = 0;
		};
		DA5D885A1D86F4EE00583136 /* Resources */ = {
			isa = PBXResourcesBuildPhase;
			buildActionMask = 2147483647;
			files = (
			);
			runOnlyForDeploymentPostprocessing = 0;
		};
/* End PBXResourcesBuildPhase section */

/* Begin PBXShellScriptBuildPhase section */
		6AF1A542214AB4C32803DCE0 /* Copy Pods Resources */ = {
			isa = PBXShellScriptBuildPhase;
			buildActionMask = 2147483647;
			files = (
			);
			inputPaths = (
			);
			name = "Copy Pods Resources";
			outputPaths = (
			);
			runOnlyForDeploymentPostprocessing = 0;
			shellPath = /bin/sh;
			shellScript = "\"${SRCROOT}/Pods/Target Support Files/Pods-WeiboDemo/Pods-WeiboDemo-resources.sh\"\n";
			showEnvVarsInLog = 0;
		};
		B9C1100CE3837FC0CF998FA6 /* Check Pods Manifest.lock */ = {
			isa = PBXShellScriptBuildPhase;
			buildActionMask = 2147483647;
			files = (
			);
			inputPaths = (
			);
			name = "Check Pods Manifest.lock";
			outputPaths = (
			);
			runOnlyForDeploymentPostprocessing = 0;
			shellPath = /bin/sh;
			shellScript = "diff \"${PODS_ROOT}/../Podfile.lock\" \"${PODS_ROOT}/Manifest.lock\" > /dev/null\nif [[ $? != 0 ]] ; then\n    cat << EOM\nerror: The sandbox is not in sync with the Podfile.lock. Run 'pod install' or update your CocoaPods installation.\nEOM\n    exit 1\nfi\n";
			showEnvVarsInLog = 0;
		};
		F1A2CB4A081EAED30342A866 /* Embed Pods Frameworks */ = {
			isa = PBXShellScriptBuildPhase;
			buildActionMask = 2147483647;
			files = (
			);
			inputPaths = (
			);
			name = "Embed Pods Frameworks";
			outputPaths = (
			);
			runOnlyForDeploymentPostprocessing = 0;
			shellPath = /bin/sh;
			shellScript = "\"${SRCROOT}/Pods/Target Support Files/Pods-WeiboDemo/Pods-WeiboDemo-frameworks.sh\"\n";
			showEnvVarsInLog = 0;
		};
/* End PBXShellScriptBuildPhase section */

/* Begin PBXSourcesBuildPhase section */
		DA5D88341D86F4EE00583136 /* Sources */ = {
			isa = PBXSourcesBuildPhase;
			buildActionMask = 2147483647;
			files = (
				18CBE96E1DACB6510068832E /* MYZOAuthController.m in Sources */,
				188AAEA21DB627F100A8274F /* UIView+MYZ.m in Sources */,
				DA5241041DB5105C003AF28A /* MYZStatusRetweeted.m in Sources */,
				DA65B9ED1D9AC0B700251B38 /* MYZTabBar.m in Sources */,
				DA73CA8B1D97CF0E00CF5839 /* MYZNavController.m in Sources */,
				18C7CE761DC0A5E900B4D997 /* MJPhotoLoadingView.m in Sources */,
				18C375CA1DD5B2E900B68E72 /* MYZEmotionListCell.m in Sources */,
				18C7CE731DC0A5E900B4D997 /* MJPhoto.m in Sources */,
				18467D381DAE026C00B1D963 /* MYZHttpTools.m in Sources */,
				18C7CE771DC0A5E900B4D997 /* MJPhotoProgressView.m in Sources */,
				18C7CE751DC0A5E900B4D997 /* MJPhotoBrowser.m in Sources */,
				DA73CA8E1D97CF2A00CF5839 /* MYZTabBarController.m in Sources */,
				18C7CE621DC05F2800B4D997 /* MYZStatusPicContentView.m in Sources */,
				DA115E591DC6346400C22743 /* MYZComposeEmotionKeyboard.m in Sources */,
				DA20914B1DDA0650006B92E5 /* MYZEmotion.m in Sources */,
				18432AD21DB4C80400E21F6E /* MYZStatusFrameTop.m in Sources */,
				18E5A17D1DB9A6FE00375480 /* MYZMenuPageController.m in Sources */,
				18E5A1801DB9A72900375480 /* MYZMenuView.m in Sources */,
				DADB20B61DBFA691009D1ACD /* LabelScrollView.m in Sources */,
				DAA521F51DB3693C00DD29AF /* MYZHomeController.m in Sources */,
				DA65B9FA1D9AC2F800251B38 /* AppDelegate.m in Sources */,
				DAEEC80D1DBC59BF00DD7ADE /* MYZStatusBottomView.m in Sources */,
				1805ADC51DC1D58000F27388 /* MYZComposeToolsBar.m in Sources */,
				188AAEA11DB627F100A8274F /* UIImage+MYZ.m in Sources */,
				DAA521F81DB369A700DD29AF /* MYZStatus.m in Sources */,
				18C7CE7A1DC0A5E900B4D997 /* SDWebImageManager+MJ.m in Sources */,
				DAA521FB1DB377CD00DD29AF /* MYZStatusPic.m in Sources */,
				188AAE9C1DB627DC00A8274F /* NSString+MYZ.m in Sources */,
				18C7CE791DC0A5E900B4D997 /* MJPhotoView.m in Sources */,
				DAEEC8071DBC599600DD7ADE /* MYZStatusTopView.m in Sources */,
				184E0AA01DC75FF9004246ED /* MYZEmotionListView.m in Sources */,
				18432ACF1DB4C53C00E21F6E /* MYZStatusFrame.m in Sources */,
				18467D311DAE023600B1D963 /* MYZUserInfo.m in Sources */,
				18C7CE781DC0A5E900B4D997 /* MJPhotoToolbar.m in Sources */,
				184E0AA31DC76011004246ED /* MYZEmotionToolBar.m in Sources */,
				18467D2F1DAE023600B1D963 /* MYZAccount.m in Sources */,
				18467D391DAE026C00B1D963 /* MYZTools.m in Sources */,
				18C7CE5F1DC05F0500B4D997 /* MYZStatusPicView.m in Sources */,
				DA65B9F31D9AC29100251B38 /* MYZProfileController.m in Sources */,
				1805ADC81DC1F7D500F27388 /* MYZComposePicsView.m in Sources */,
				DAEEC80A1DBC59AC00DD7ADE /* MYZStatusMiddleView.m in Sources */,
				DAF843BC1DC0F6CB00F505DC /* MYZComposeTextView.m in Sources */,
				DA65B9FB1D9AC2F800251B38 /* main.m in Sources */,
				DA20914E1DDA0702006B92E5 /* NSString+Emoji.m in Sources */,
				18711B5E1DB71DCE007A0A1D /* MYZStatusCell.m in Sources */,
				18432AD51DB4C83600E21F6E /* MYZStatusFrameMiddle.m in Sources */,
				18C7CE801DC0ACB400B4D997 /* MYZComposeController.m in Sources */,
			);
			runOnlyForDeploymentPostprocessing = 0;
		};
		DA5D884D1D86F4EE00583136 /* Sources */ = {
			isa = PBXSourcesBuildPhase;
			buildActionMask = 2147483647;
			files = (
				DA5D88561D86F4EE00583136 /* WeiboDemoTests.m in Sources */,
			);
			runOnlyForDeploymentPostprocessing = 0;
		};
		DA5D88581D86F4EE00583136 /* Sources */ = {
			isa = PBXSourcesBuildPhase;
			buildActionMask = 2147483647;
			files = (
				DA5D88611D86F4EE00583136 /* WeiboDemoUITests.m in Sources */,
			);
			runOnlyForDeploymentPostprocessing = 0;
		};
/* End PBXSourcesBuildPhase section */

/* Begin PBXTargetDependency section */
		DA5D88531D86F4EE00583136 /* PBXTargetDependency */ = {
			isa = PBXTargetDependency;
			target = DA5D88371D86F4EE00583136 /* WeiboDemo */;
			targetProxy = DA5D88521D86F4EE00583136 /* PBXContainerItemProxy */;
		};
		DA5D885E1D86F4EE00583136 /* PBXTargetDependency */ = {
			isa = PBXTargetDependency;
			target = DA5D88371D86F4EE00583136 /* WeiboDemo */;
			targetProxy = DA5D885D1D86F4EE00583136 /* PBXContainerItemProxy */;
		};
/* End PBXTargetDependency section */

/* Begin XCBuildConfiguration section */
		DA5D88631D86F4EE00583136 /* Debug */ = {
			isa = XCBuildConfiguration;
			buildSettings = {
				ALWAYS_SEARCH_USER_PATHS = NO;
				CLANG_ANALYZER_NONNULL = YES;
				CLANG_CXX_LANGUAGE_STANDARD = "gnu++0x";
				CLANG_CXX_LIBRARY = "libc++";
				CLANG_ENABLE_MODULES = YES;
				CLANG_ENABLE_OBJC_ARC = YES;
				CLANG_WARN_BOOL_CONVERSION = YES;
				CLANG_WARN_CONSTANT_CONVERSION = YES;
				CLANG_WARN_DIRECT_OBJC_ISA_USAGE = YES_ERROR;
				CLANG_WARN_EMPTY_BODY = YES;
				CLANG_WARN_ENUM_CONVERSION = YES;
				CLANG_WARN_INT_CONVERSION = YES;
				CLANG_WARN_OBJC_ROOT_CLASS = YES_ERROR;
				CLANG_WARN_UNREACHABLE_CODE = YES;
				CLANG_WARN__DUPLICATE_METHOD_MATCH = YES;
				"CODE_SIGN_IDENTITY[sdk=iphoneos*]" = "iPhone Developer";
				COPY_PHASE_STRIP = NO;
				DEBUG_INFORMATION_FORMAT = dwarf;
				ENABLE_STRICT_OBJC_MSGSEND = YES;
				ENABLE_TESTABILITY = YES;
				GCC_C_LANGUAGE_STANDARD = gnu99;
				GCC_DYNAMIC_NO_PIC = NO;
				GCC_NO_COMMON_BLOCKS = YES;
				GCC_OPTIMIZATION_LEVEL = 0;
				GCC_PREPROCESSOR_DEFINITIONS = (
					"DEBUG=1",
					"$(inherited)",
				);
				GCC_WARN_64_TO_32_BIT_CONVERSION = YES;
				GCC_WARN_ABOUT_RETURN_TYPE = YES_ERROR;
				GCC_WARN_UNDECLARED_SELECTOR = YES;
				GCC_WARN_UNINITIALIZED_AUTOS = YES_AGGRESSIVE;
				GCC_WARN_UNUSED_FUNCTION = YES;
				GCC_WARN_UNUSED_VARIABLE = YES;
				IPHONEOS_DEPLOYMENT_TARGET = 9.3;
				MTL_ENABLE_DEBUG_INFO = YES;
				ONLY_ACTIVE_ARCH = YES;
				SDKROOT = iphoneos;
			};
			name = Debug;
		};
		DA5D88641D86F4EE00583136 /* Release */ = {
			isa = XCBuildConfiguration;
			buildSettings = {
				ALWAYS_SEARCH_USER_PATHS = NO;
				CLANG_ANALYZER_NONNULL = YES;
				CLANG_CXX_LANGUAGE_STANDARD = "gnu++0x";
				CLANG_CXX_LIBRARY = "libc++";
				CLANG_ENABLE_MODULES = YES;
				CLANG_ENABLE_OBJC_ARC = YES;
				CLANG_WARN_BOOL_CONVERSION = YES;
				CLANG_WARN_CONSTANT_CONVERSION = YES;
				CLANG_WARN_DIRECT_OBJC_ISA_USAGE = YES_ERROR;
				CLANG_WARN_EMPTY_BODY = YES;
				CLANG_WARN_ENUM_CONVERSION = YES;
				CLANG_WARN_INT_CONVERSION = YES;
				CLANG_WARN_OBJC_ROOT_CLASS = YES_ERROR;
				CLANG_WARN_UNREACHABLE_CODE = YES;
				CLANG_WARN__DUPLICATE_METHOD_MATCH = YES;
				"CODE_SIGN_IDENTITY[sdk=iphoneos*]" = "iPhone Developer";
				COPY_PHASE_STRIP = NO;
				DEBUG_INFORMATION_FORMAT = "dwarf-with-dsym";
				ENABLE_NS_ASSERTIONS = NO;
				ENABLE_STRICT_OBJC_MSGSEND = YES;
				GCC_C_LANGUAGE_STANDARD = gnu99;
				GCC_NO_COMMON_BLOCKS = YES;
				GCC_WARN_64_TO_32_BIT_CONVERSION = YES;
				GCC_WARN_ABOUT_RETURN_TYPE = YES_ERROR;
				GCC_WARN_UNDECLARED_SELECTOR = YES;
				GCC_WARN_UNINITIALIZED_AUTOS = YES_AGGRESSIVE;
				GCC_WARN_UNUSED_FUNCTION = YES;
				GCC_WARN_UNUSED_VARIABLE = YES;
				IPHONEOS_DEPLOYMENT_TARGET = 9.3;
				MTL_ENABLE_DEBUG_INFO = NO;
				SDKROOT = iphoneos;
				VALIDATE_PRODUCT = YES;
			};
			name = Release;
		};
		DA5D88661D86F4EE00583136 /* Debug */ = {
			isa = XCBuildConfiguration;
			baseConfigurationReference = 75D0F767266298436492BE54 /* Pods-WeiboDemo.debug.xcconfig */;
			buildSettings = {
				ASSETCATALOG_COMPILER_APPICON_NAME = AppIcon;
				ASSETCATALOG_COMPILER_LAUNCHIMAGE_NAME = LaunchImage;
				CODE_SIGN_IDENTITY = "iPhone Developer";
				DEVELOPMENT_TEAM = 3ZPEAN2426;
				GCC_PREFIX_HEADER = WeiboDemo/PrefixHeader.pch;
				INFOPLIST_FILE = WeiboDemo/Info.plist;
				IPHONEOS_DEPLOYMENT_TARGET = 7.0;
				LD_RUNPATH_SEARCH_PATHS = "$(inherited) @executable_path/Frameworks";
				PRODUCT_BUNDLE_IDENTIFIER = com.myz.weibo;
				PRODUCT_NAME = "$(TARGET_NAME)";
				PROVISIONING_PROFILE = "58922cbf-b31a-4916-83b6-e915b558d4a7";
				PROVISIONING_PROFILE_SPECIFIER = WildcardTest;
			};
			name = Debug;
		};
		DA5D88671D86F4EE00583136 /* Release */ = {
			isa = XCBuildConfiguration;
			baseConfigurationReference = 5A78459A4FCE9534853ED10E /* Pods-WeiboDemo.release.xcconfig */;
			buildSettings = {
				ASSETCATALOG_COMPILER_APPICON_NAME = AppIcon;
				ASSETCATALOG_COMPILER_LAUNCHIMAGE_NAME = LaunchImage;
				CODE_SIGN_IDENTITY = "iPhone Developer";
				DEVELOPMENT_TEAM = "";
				GCC_PREFIX_HEADER = WeiboDemo/PrefixHeader.pch;
				INFOPLIST_FILE = WeiboDemo/Info.plist;
				IPHONEOS_DEPLOYMENT_TARGET = 7.0;
				LD_RUNPATH_SEARCH_PATHS = "$(inherited) @executable_path/Frameworks";
				PRODUCT_BUNDLE_IDENTIFIER = com.myz.weibo;
				PRODUCT_NAME = "$(TARGET_NAME)";
			};
			name = Release;
		};
		DA5D88691D86F4EE00583136 /* Debug */ = {
			isa = XCBuildConfiguration;
			buildSettings = {
				BUNDLE_LOADER = "$(TEST_HOST)";
				INFOPLIST_FILE = WeiboDemoTests/Info.plist;
				LD_RUNPATH_SEARCH_PATHS = "$(inherited) @executable_path/Frameworks @loader_path/Frameworks";
				PRODUCT_BUNDLE_IDENTIFIER = ma806p.com.WeiboDemoTests;
				PRODUCT_NAME = "$(TARGET_NAME)";
				TEST_HOST = "$(BUILT_PRODUCTS_DIR)/WeiboDemo.app/WeiboDemo";
			};
			name = Debug;
		};
		DA5D886A1D86F4EE00583136 /* Release */ = {
			isa = XCBuildConfiguration;
			buildSettings = {
				BUNDLE_LOADER = "$(TEST_HOST)";
				INFOPLIST_FILE = WeiboDemoTests/Info.plist;
				LD_RUNPATH_SEARCH_PATHS = "$(inherited) @executable_path/Frameworks @loader_path/Frameworks";
				PRODUCT_BUNDLE_IDENTIFIER = ma806p.com.WeiboDemoTests;
				PRODUCT_NAME = "$(TARGET_NAME)";
				TEST_HOST = "$(BUILT_PRODUCTS_DIR)/WeiboDemo.app/WeiboDemo";
			};
			name = Release;
		};
		DA5D886C1D86F4EE00583136 /* Debug */ = {
			isa = XCBuildConfiguration;
			buildSettings = {
				INFOPLIST_FILE = WeiboDemoUITests/Info.plist;
				LD_RUNPATH_SEARCH_PATHS = "$(inherited) @executable_path/Frameworks @loader_path/Frameworks";
				PRODUCT_BUNDLE_IDENTIFIER = ma806p.com.WeiboDemoUITests;
				PRODUCT_NAME = "$(TARGET_NAME)";
				TEST_TARGET_NAME = WeiboDemo;
			};
			name = Debug;
		};
		DA5D886D1D86F4EE00583136 /* Release */ = {
			isa = XCBuildConfiguration;
			buildSettings = {
				INFOPLIST_FILE = WeiboDemoUITests/Info.plist;
				LD_RUNPATH_SEARCH_PATHS = "$(inherited) @executable_path/Frameworks @loader_path/Frameworks";
				PRODUCT_BUNDLE_IDENTIFIER = ma806p.com.WeiboDemoUITests;
				PRODUCT_NAME = "$(TARGET_NAME)";
				TEST_TARGET_NAME = WeiboDemo;
			};
			name = Release;
		};
/* End XCBuildConfiguration section */

/* Begin XCConfigurationList section */
		DA5D88331D86F4EE00583136 /* Build configuration list for PBXProject "WeiboDemo" */ = {
			isa = XCConfigurationList;
			buildConfigurations = (
				DA5D88631D86F4EE00583136 /* Debug */,
				DA5D88641D86F4EE00583136 /* Release */,
			);
			defaultConfigurationIsVisible = 0;
			defaultConfigurationName = Release;
		};
		DA5D88651D86F4EE00583136 /* Build configuration list for PBXNativeTarget "WeiboDemo" */ = {
			isa = XCConfigurationList;
			buildConfigurations = (
				DA5D88661D86F4EE00583136 /* Debug */,
				DA5D88671D86F4EE00583136 /* Release */,
			);
			defaultConfigurationIsVisible = 0;
			defaultConfigurationName = Release;
		};
		DA5D88681D86F4EE00583136 /* Build configuration list for PBXNativeTarget "WeiboDemoTests" */ = {
			isa = XCConfigurationList;
			buildConfigurations = (
				DA5D88691D86F4EE00583136 /* Debug */,
				DA5D886A1D86F4EE00583136 /* Release */,
			);
			defaultConfigurationIsVisible = 0;
			defaultConfigurationName = Release;
		};
		DA5D886B1D86F4EE00583136 /* Build configuration list for PBXNativeTarget "WeiboDemoUITests" */ = {
			isa = XCConfigurationList;
			buildConfigurations = (
				DA5D886C1D86F4EE00583136 /* Debug */,
				DA5D886D1D86F4EE00583136 /* Release */,
			);
			defaultConfigurationIsVisible = 0;
			defaultConfigurationName = Release;
		};
/* End XCConfigurationList section */
	};
	rootObject = DA5D88301D86F4EE00583136 /* Project object */;
}
